
Microsoft Visual Studio Solution File, Format Version 12.00
# Visual Studio Version 17
VisualStudioVersion = 17.14.36202.13 d17.14
MinimumVisualStudioVersion = 10.0.40219.1
Project("{FAE04EC0-301F-11D3-BF4B-00C04F79EFBC}") = "Ejercicio_1", "Ejercicio_1\Ejercicio_1.csproj", "{BE36B71E-131E-4DD5-9F40-21AE79FABD72}"
EndProject
Global
	GlobalSection(SolutionConfigurationPlatforms) = preSolution
		Debug|Any CPU = Debug|Any CPU
		Release|Any CPU = Release|Any CPU
	EndGlobalSection
	GlobalSection(ProjectConfigurationPlatforms) = postSolution
		{BE36B71E-131E-4DD5-9F40-21AE79FABD72}.Debug|Any CPU.ActiveCfg = Debug|Any CPU
		{BE36B71E-131E-4DD5-9F40-21AE79FABD72}.Debug|Any CPU.Build.0 = Debug|Any CPU
		{BE36B71E-131E-4DD5-9F40-21AE79FABD72}.Release|Any CPU.ActiveCfg = Release|Any CPU
		{BE36B71E-131E-4DD5-9F40-21AE79FABD72}.Release|Any CPU.Build.0 = Release|Any CPU
	EndGlobalSection
	GlobalSection(SolutionProperties) = preSolution
		HideSolutionNode = FALSE
	EndGlobalSection
	GlobalSection(ExtensibilityGlobals) = postSolution
		SolutionGuid = {9120BD43-821A-4D03-80AA-322E25D1C957}
	EndGlobalSection
EndGlobal
